
Microsoft Visual Studio Solution File, Format Version 12.00
# Visual Studio Version 17
VisualStudioVersion = 17.9.34714.143
MinimumVisualStudioVersion = 10.0.40219.1
Project("{9A19103F-16F7-4668-BE54-9A1E7A4F7556}") = "GestionDeVenta.MODELOS", "GestionDeVenta.MODELOS\GestionDeVenta.MODELOS.csproj", "{09581257-85A0-4520-ACE1-01357062E9C9}"
EndProject
Project("{9A19103F-16F7-4668-BE54-9A1E7A4F7556}") = "GestionDeVenta.DAL", "GestionDeVentas.DAL\GestionDeVenta.DAL.csproj", "{A0A04858-1A8A-483F-90A2-4E932D8523EB}"
EndProject
Project("{9A19103F-16F7-4668-BE54-9A1E7A4F7556}") = "GestionDeVenta.BSS", "GestionDeVenta.BSS\GestionDeVenta.BSS.csproj", "{2C961782-7522-42EC-9542-39E6DA850CD9}"
EndProject
Project("{9A19103F-16F7-4668-BE54-9A1E7A4F7556}") = "GestionDeVenta.VISTA", "GestionDeVenta.VISTA\GestionDeVenta.VISTA.csproj", "{04055B9E-A6BF-4E5A-8E7C-B71D7EC86413}"
EndProject
Project("{FAE04EC0-301F-11D3-BF4B-00C04F79EFBC}") = "ReporteVentas.VISTA", "ReporteVentas.VISTA\ReporteVentas.VISTA.csproj", "{AC8AD485-814E-4827-A7DC-865192953DF3}"
EndProject
Global
	GlobalSection(SolutionConfigurationPlatforms) = preSolution
		Debug|Any CPU = Debug|Any CPU
		Release|Any CPU = Release|Any CPU
	EndGlobalSection
	GlobalSection(ProjectConfigurationPlatforms) = postSolution
		{09581257-85A0-4520-ACE1-01357062E9C9}.Debug|Any CPU.ActiveCfg = Debug|Any CPU
		{09581257-85A0-4520-ACE1-01357062E9C9}.Debug|Any CPU.Build.0 = Debug|Any CPU
		{09581257-85A0-4520-ACE1-01357062E9C9}.Release|Any CPU.ActiveCfg = Release|Any CPU
		{09581257-85A0-4520-ACE1-01357062E9C9}.Release|Any CPU.Build.0 = Release|Any CPU
		{A0A04858-1A8A-483F-90A2-4E932D8523EB}.Debug|Any CPU.ActiveCfg = Debug|Any CPU
		{A0A04858-1A8A-483F-90A2-4E932D8523EB}.Debug|Any CPU.Build.0 = Debug|Any CPU
		{A0A04858-1A8A-483F-90A2-4E932D8523EB}.Release|Any CPU.ActiveCfg = Release|Any CPU
		{A0A04858-1A8A-483F-90A2-4E932D8523EB}.Release|Any CPU.Build.0 = Release|Any CPU
		{2C961782-7522-42EC-9542-39E6DA850CD9}.Debug|Any CPU.ActiveCfg = Debug|Any CPU
		{2C961782-7522-42EC-9542-39E6DA850CD9}.Debug|Any CPU.Build.0 = Debug|Any CPU
		{2C961782-7522-42EC-9542-39E6DA850CD9}.Release|Any CPU.ActiveCfg = Release|Any CPU
		{2C961782-7522-42EC-9542-39E6DA850CD9}.Release|Any CPU.Build.0 = Release|Any CPU
		{04055B9E-A6BF-4E5A-8E7C-B71D7EC86413}.Debug|Any CPU.ActiveCfg = Debug|Any CPU
		{04055B9E-A6BF-4E5A-8E7C-B71D7EC86413}.Debug|Any CPU.Build.0 = Debug|Any CPU
		{04055B9E-A6BF-4E5A-8E7C-B71D7EC86413}.Release|Any CPU.ActiveCfg = Release|Any CPU
		{04055B9E-A6BF-4E5A-8E7C-B71D7EC86413}.Release|Any CPU.Build.0 = Release|Any CPU
		{AC8AD485-814E-4827-A7DC-865192953DF3}.Debug|Any CPU.ActiveCfg = Debug|Any CPU
		{AC8AD485-814E-4827-A7DC-865192953DF3}.Debug|Any CPU.Build.0 = Debug|Any CPU
		{AC8AD485-814E-4827-A7DC-865192953DF3}.Release|Any CPU.ActiveCfg = Release|Any CPU
		{AC8AD485-814E-4827-A7DC-865192953DF3}.Release|Any CPU.Build.0 = Release|Any CPU
	EndGlobalSection
	GlobalSection(SolutionProperties) = preSolution
		HideSolutionNode = FALSE
	EndGlobalSection
	GlobalSection(ExtensibilityGlobals) = postSolution
		SolutionGuid = {EE907201-D09D-4891-8C1A-2BAB67BE3B05}
	EndGlobalSection
EndGlobal
